
Microsoft Visual Studio Solution File, Format Version 12.00
# Visual Studio Version 16
VisualStudioVersion = 16.0.31205.134
MinimumVisualStudioVersion = 10.0.40219.1
Project("{FAE04EC0-301F-11D3-BF4B-00C04F79EFBC}") = "szamverseny", "szamverseny\szamverseny.csproj", "{EC2416A5-4F72-4ACC-A7FE-8B5F7B3B9838}"
EndProject
Global
	GlobalSection(SolutionConfigurationPlatforms) = preSolution
		Debug|Any CPU = Debug|Any CPU
		Release|Any CPU = Release|Any CPU
	EndGlobalSection
	GlobalSection(ProjectConfigurationPlatforms) = postSolution
		{EC2416A5-4F72-4ACC-A7FE-8B5F7B3B9838}.Debug|Any CPU.ActiveCfg = Debug|Any CPU
		{EC2416A5-4F72-4ACC-A7FE-8B5F7B3B9838}.Debug|Any CPU.Build.0 = Debug|Any CPU
		{EC2416A5-4F72-4ACC-A7FE-8B5F7B3B9838}.Release|Any CPU.ActiveCfg = Release|Any CPU
		{EC2416A5-4F72-4ACC-A7FE-8B5F7B3B9838}.Release|Any CPU.Build.0 = Release|Any CPU
	EndGlobalSection
	GlobalSection(SolutionProperties) = preSolution
		HideSolutionNode = FALSE
	EndGlobalSection
	GlobalSection(ExtensibilityGlobals) = postSolution
		SolutionGuid = {89A32D34-FF41-46BC-A98E-7A8E6A954D7A}
	EndGlobalSection
EndGlobal
