
Microsoft Visual Studio Solution File, Format Version 12.00
# Visual Studio Version 16
VisualStudioVersion = 16.0.31205.134
MinimumVisualStudioVersion = 10.0.40219.1
Project("{FAE04EC0-301F-11D3-BF4B-00C04F79EFBC}") = "fejvagyiras", "fejvagyiras\fejvagyiras.csproj", "{FA3518F9-A3C6-4C23-A39B-9EB89A97AABD}"
EndProject
Global
	GlobalSection(SolutionConfigurationPlatforms) = preSolution
		Debug|Any CPU = Debug|Any CPU
		Release|Any CPU = Release|Any CPU
	EndGlobalSection
	GlobalSection(ProjectConfigurationPlatforms) = postSolution
		{FA3518F9-A3C6-4C23-A39B-9EB89A97AABD}.Debug|Any CPU.ActiveCfg = Debug|Any CPU
		{FA3518F9-A3C6-4C23-A39B-9EB89A97AABD}.Debug|Any CPU.Build.0 = Debug|Any CPU
		{FA3518F9-A3C6-4C23-A39B-9EB89A97AABD}.Release|Any CPU.ActiveCfg = Release|Any CPU
		{FA3518F9-A3C6-4C23-A39B-9EB89A97AABD}.Release|Any CPU.Build.0 = Release|Any CPU
	EndGlobalSection
	GlobalSection(SolutionProperties) = preSolution
		HideSolutionNode = FALSE
	EndGlobalSection
	GlobalSection(ExtensibilityGlobals) = postSolution
		SolutionGuid = {19C6914E-A118-433C-AB6B-DB9C9EE084A0}
	EndGlobalSection
EndGlobal
