
Microsoft Visual Studio Solution File, Format Version 12.00
# Visual Studio Version 16
VisualStudioVersion = 16.0.31205.134
MinimumVisualStudioVersion = 10.0.40219.1
Project("{FAE04EC0-301F-11D3-BF4B-00C04F79EFBC}") = "futar", "futar\futar.csproj", "{438C8495-E31F-4ED0-8680-53A3FD7D3223}"
EndProject
Global
	GlobalSection(SolutionConfigurationPlatforms) = preSolution
		Debug|Any CPU = Debug|Any CPU
		Release|Any CPU = Release|Any CPU
	EndGlobalSection
	GlobalSection(ProjectConfigurationPlatforms) = postSolution
		{438C8495-E31F-4ED0-8680-53A3FD7D3223}.Debug|Any CPU.ActiveCfg = Debug|Any CPU
		{438C8495-E31F-4ED0-8680-53A3FD7D3223}.Debug|Any CPU.Build.0 = Debug|Any CPU
		{438C8495-E31F-4ED0-8680-53A3FD7D3223}.Release|Any CPU.ActiveCfg = Release|Any CPU
		{438C8495-E31F-4ED0-8680-53A3FD7D3223}.Release|Any CPU.Build.0 = Release|Any CPU
	EndGlobalSection
	GlobalSection(SolutionProperties) = preSolution
		HideSolutionNode = FALSE
	EndGlobalSection
	GlobalSection(ExtensibilityGlobals) = postSolution
		SolutionGuid = {3593345B-D9E7-4C8C-8504-806DEBF8BF88}
	EndGlobalSection
EndGlobal
