
Microsoft Visual Studio Solution File, Format Version 12.00
# Visual Studio Version 16
VisualStudioVersion = 16.0.31205.134
MinimumVisualStudioVersion = 10.0.40219.1
Project("{FAE04EC0-301F-11D3-BF4B-00C04F79EFBC}") = "tanciskola", "tanciskola\tanciskola.csproj", "{D1D517BC-C1AD-4D60-B4B9-E01A6D140240}"
EndProject
Global
	GlobalSection(SolutionConfigurationPlatforms) = preSolution
		Debug|Any CPU = Debug|Any CPU
		Release|Any CPU = Release|Any CPU
	EndGlobalSection
	GlobalSection(ProjectConfigurationPlatforms) = postSolution
		{D1D517BC-C1AD-4D60-B4B9-E01A6D140240}.Debug|Any CPU.ActiveCfg = Debug|Any CPU
		{D1D517BC-C1AD-4D60-B4B9-E01A6D140240}.Debug|Any CPU.Build.0 = Debug|Any CPU
		{D1D517BC-C1AD-4D60-B4B9-E01A6D140240}.Release|Any CPU.ActiveCfg = Release|Any CPU
		{D1D517BC-C1AD-4D60-B4B9-E01A6D140240}.Release|Any CPU.Build.0 = Release|Any CPU
	EndGlobalSection
	GlobalSection(SolutionProperties) = preSolution
		HideSolutionNode = FALSE
	EndGlobalSection
	GlobalSection(ExtensibilityGlobals) = postSolution
		SolutionGuid = {73D561B4-9603-4CDD-BB3F-026D84C07E3B}
	EndGlobalSection
EndGlobal
