
Microsoft Visual Studio Solution File, Format Version 12.00
# Visual Studio Version 16
VisualStudioVersion = 16.0.31205.134
MinimumVisualStudioVersion = 10.0.40219.1
Project("{FAE04EC0-301F-11D3-BF4B-00C04F79EFBC}") = "FIFAvilágranglísta", "FIFAvilágranglísta\FIFAvilágranglísta.csproj", "{16C35910-2879-428A-A659-838D457D9C09}"
EndProject
Global
	GlobalSection(SolutionConfigurationPlatforms) = preSolution
		Debug|Any CPU = Debug|Any CPU
		Release|Any CPU = Release|Any CPU
	EndGlobalSection
	GlobalSection(ProjectConfigurationPlatforms) = postSolution
		{16C35910-2879-428A-A659-838D457D9C09}.Debug|Any CPU.ActiveCfg = Debug|Any CPU
		{16C35910-2879-428A-A659-838D457D9C09}.Debug|Any CPU.Build.0 = Debug|Any CPU
		{16C35910-2879-428A-A659-838D457D9C09}.Release|Any CPU.ActiveCfg = Release|Any CPU
		{16C35910-2879-428A-A659-838D457D9C09}.Release|Any CPU.Build.0 = Release|Any CPU
	EndGlobalSection
	GlobalSection(SolutionProperties) = preSolution
		HideSolutionNode = FALSE
	EndGlobalSection
	GlobalSection(ExtensibilityGlobals) = postSolution
		SolutionGuid = {63EC49F3-EAE2-43E4-A855-23B7BE701C15}
	EndGlobalSection
EndGlobal
