
Microsoft Visual Studio Solution File, Format Version 12.00
# Visual Studio Version 16
VisualStudioVersion = 16.0.31205.134
MinimumVisualStudioVersion = 10.0.40219.1
Project("{FAE04EC0-301F-11D3-BF4B-00C04F79EFBC}") = "Szinesz", "Szinesz\Szinesz.csproj", "{3BC746CE-0A19-44BB-9F2C-CF6BDC938273}"
EndProject
Global
	GlobalSection(SolutionConfigurationPlatforms) = preSolution
		Debug|Any CPU = Debug|Any CPU
		Release|Any CPU = Release|Any CPU
	EndGlobalSection
	GlobalSection(ProjectConfigurationPlatforms) = postSolution
		{3BC746CE-0A19-44BB-9F2C-CF6BDC938273}.Debug|Any CPU.ActiveCfg = Debug|Any CPU
		{3BC746CE-0A19-44BB-9F2C-CF6BDC938273}.Debug|Any CPU.Build.0 = Debug|Any CPU
		{3BC746CE-0A19-44BB-9F2C-CF6BDC938273}.Release|Any CPU.ActiveCfg = Release|Any CPU
		{3BC746CE-0A19-44BB-9F2C-CF6BDC938273}.Release|Any CPU.Build.0 = Release|Any CPU
	EndGlobalSection
	GlobalSection(SolutionProperties) = preSolution
		HideSolutionNode = FALSE
	EndGlobalSection
	GlobalSection(ExtensibilityGlobals) = postSolution
		SolutionGuid = {4D5E96A2-9D18-453F-8E73-996BE5546BEC}
	EndGlobalSection
EndGlobal
