
Microsoft Visual Studio Solution File, Format Version 12.00
# Visual Studio Version 16
VisualStudioVersion = 16.0.31205.134
MinimumVisualStudioVersion = 10.0.40219.1
Project("{FAE04EC0-301F-11D3-BF4B-00C04F79EFBC}") = "Szinkep", "Szinkep\Szinkep.csproj", "{332C0945-E673-40BB-BB09-F77601BAB9AC}"
EndProject
Global
	GlobalSection(SolutionConfigurationPlatforms) = preSolution
		Debug|Any CPU = Debug|Any CPU
		Release|Any CPU = Release|Any CPU
	EndGlobalSection
	GlobalSection(ProjectConfigurationPlatforms) = postSolution
		{332C0945-E673-40BB-BB09-F77601BAB9AC}.Debug|Any CPU.ActiveCfg = Debug|Any CPU
		{332C0945-E673-40BB-BB09-F77601BAB9AC}.Debug|Any CPU.Build.0 = Debug|Any CPU
		{332C0945-E673-40BB-BB09-F77601BAB9AC}.Release|Any CPU.ActiveCfg = Release|Any CPU
		{332C0945-E673-40BB-BB09-F77601BAB9AC}.Release|Any CPU.Build.0 = Release|Any CPU
	EndGlobalSection
	GlobalSection(SolutionProperties) = preSolution
		HideSolutionNode = FALSE
	EndGlobalSection
	GlobalSection(ExtensibilityGlobals) = postSolution
		SolutionGuid = {03FD6773-801B-4EFE-841C-9ED57BE1F7C0}
	EndGlobalSection
EndGlobal
