
Microsoft Visual Studio Solution File, Format Version 12.00
# Visual Studio Version 16
VisualStudioVersion = 16.0.31205.134
MinimumVisualStudioVersion = 10.0.40219.1
Project("{FAE04EC0-301F-11D3-BF4B-00C04F79EFBC}") = "robot_2.0", "robot_2.0\robot_2.0.csproj", "{3F685284-54ED-4C09-BD4A-817F0822342E}"
EndProject
Global
	GlobalSection(SolutionConfigurationPlatforms) = preSolution
		Debug|Any CPU = Debug|Any CPU
		Release|Any CPU = Release|Any CPU
	EndGlobalSection
	GlobalSection(ProjectConfigurationPlatforms) = postSolution
		{3F685284-54ED-4C09-BD4A-817F0822342E}.Debug|Any CPU.ActiveCfg = Debug|Any CPU
		{3F685284-54ED-4C09-BD4A-817F0822342E}.Debug|Any CPU.Build.0 = Debug|Any CPU
		{3F685284-54ED-4C09-BD4A-817F0822342E}.Release|Any CPU.ActiveCfg = Release|Any CPU
		{3F685284-54ED-4C09-BD4A-817F0822342E}.Release|Any CPU.Build.0 = Release|Any CPU
	EndGlobalSection
	GlobalSection(SolutionProperties) = preSolution
		HideSolutionNode = FALSE
	EndGlobalSection
	GlobalSection(ExtensibilityGlobals) = postSolution
		SolutionGuid = {50903632-BB79-40A7-ADCE-B5829FD49802}
	EndGlobalSection
EndGlobal
