
Microsoft Visual Studio Solution File, Format Version 12.00
# Visual Studio Version 16
VisualStudioVersion = 16.0.31205.134
MinimumVisualStudioVersion = 10.0.40219.1
Project("{FAE04EC0-301F-11D3-BF4B-00C04F79EFBC}") = "zene", "zene\zene.csproj", "{89F80AFD-36F5-49B0-AB50-FBF75453F19F}"
EndProject
Global
	GlobalSection(SolutionConfigurationPlatforms) = preSolution
		Debug|Any CPU = Debug|Any CPU
		Release|Any CPU = Release|Any CPU
	EndGlobalSection
	GlobalSection(ProjectConfigurationPlatforms) = postSolution
		{89F80AFD-36F5-49B0-AB50-FBF75453F19F}.Debug|Any CPU.ActiveCfg = Debug|Any CPU
		{89F80AFD-36F5-49B0-AB50-FBF75453F19F}.Debug|Any CPU.Build.0 = Debug|Any CPU
		{89F80AFD-36F5-49B0-AB50-FBF75453F19F}.Release|Any CPU.ActiveCfg = Release|Any CPU
		{89F80AFD-36F5-49B0-AB50-FBF75453F19F}.Release|Any CPU.Build.0 = Release|Any CPU
	EndGlobalSection
	GlobalSection(SolutionProperties) = preSolution
		HideSolutionNode = FALSE
	EndGlobalSection
	GlobalSection(ExtensibilityGlobals) = postSolution
		SolutionGuid = {5654EC57-EBEB-4163-B72D-0D66C61B1A87}
	EndGlobalSection
EndGlobal
