
Microsoft Visual Studio Solution File, Format Version 12.00
# Visual Studio Version 16
VisualStudioVersion = 16.0.31205.134
MinimumVisualStudioVersion = 10.0.40219.1
Project("{FAE04EC0-301F-11D3-BF4B-00C04F79EFBC}") = "WpfApp1", "WpfApp1\WpfApp1.csproj", "{F2578700-D7A7-4CF2-894B-C33349F43991}"
EndProject
Global
	GlobalSection(SolutionConfigurationPlatforms) = preSolution
		Debug|Any CPU = Debug|Any CPU
		Release|Any CPU = Release|Any CPU
	EndGlobalSection
	GlobalSection(ProjectConfigurationPlatforms) = postSolution
		{F2578700-D7A7-4CF2-894B-C33349F43991}.Debug|Any CPU.ActiveCfg = Debug|Any CPU
		{F2578700-D7A7-4CF2-894B-C33349F43991}.Debug|Any CPU.Build.0 = Debug|Any CPU
		{F2578700-D7A7-4CF2-894B-C33349F43991}.Release|Any CPU.ActiveCfg = Release|Any CPU
		{F2578700-D7A7-4CF2-894B-C33349F43991}.Release|Any CPU.Build.0 = Release|Any CPU
	EndGlobalSection
	GlobalSection(SolutionProperties) = preSolution
		HideSolutionNode = FALSE
	EndGlobalSection
	GlobalSection(ExtensibilityGlobals) = postSolution
		SolutionGuid = {C5F837A4-0BE5-4058-9593-0D2284898B03}
	EndGlobalSection
EndGlobal
